// !$*UTF8*$!
{
	archiveVersion = 1;
	classes = {
	};
	objectVersion = 46;
	objects = {

/* Begin PBXBuildFile section */
		47D41C361C0DD679007BA254 /* AppDelegate.swift in Sources */ = {isa = PBXBuildFile; fileRef = 47D41C351C0DD679007BA254 /* AppDelegate.swift */; };
		47D41C381C0DD679007BA254 /* ViewController.swift in Sources */ = {isa = PBXBuildFile; fileRef = 47D41C371C0DD679007BA254 /* ViewController.swift */; };
		47D41C3B1C0DD679007BA254 /* Main.storyboard in Resources */ = {isa = PBXBuildFile; fileRef = 47D41C391C0DD679007BA254 /* Main.storyboard */; };
		47D41C3D1C0DD679007BA254 /* Assets.xcassets in Resources */ = {isa = PBXBuildFile; fileRef = 47D41C3C1C0DD679007BA254 /* Assets.xcassets */; };
		47D41C401C0DD679007BA254 /* LaunchScreen.storyboard in Resources */ = {isa = PBXBuildFile; fileRef = 47D41C3E1C0DD679007BA254 /* LaunchScreen.storyboard */; };
		47D41C4B1C0DD67A007BA254 /* HelloWorldTests.swift in Sources */ = {isa = PBXBuildFile; fileRef = 47D41C4A1C0DD67A007BA254 /* HelloWorldTests.swift */; };
		47D41C561C0DD67A007BA254 /* HelloWorldUITests.swift in Sources */ = {isa = PBXBuildFile; fileRef = 47D41C551C0DD67A007BA254 /* HelloWorldUITests.swift */; };
/* End PBXBuildFile section */

/* Begin PBXContainerItemProxy section */
		47D41C471C0DD67A007BA254 /* PBXContainerItemProxy */ = {
			isa = PBXContainerItemProxy;
			containerPortal = 47D41C2A1C0DD679007BA254 /* Project object */;
			proxyType = 1;
			remoteGlobalIDString = 47D41C311C0DD679007BA254;
			remoteInfo = HelloWorld;
		};
		47D41C521C0DD67A007BA254 /* PBXContainerItemProxy */ = {
			isa = PBXContainerItemProxy;
			containerPortal = 47D41C2A1C0DD679007BA254 /* Project object */;
			proxyType = 1;
			remoteGlobalIDString = 47D41C311C0DD679007BA254;
			remoteInfo = HelloWorld;
		};
/* End PBXContainerItemProxy section */

/* Begin PBXFileReference section */
		47D41C321C0DD679007BA254 /* HelloWorld.app */ = {isa = PBXFileReference; explicitFileType = wrapper.application; includeInIndex = 0; path = HelloWorld.app; sourceTree = BUILT_PRODUCTS_DIR; };
		47D41C351C0DD679007BA254 /* AppDelegate.swift */ = {isa = PBXFileReference; lastKnownFileType = sourcecode.swift; path = AppDelegate.swift; sourceTree = "<group>"; };
		47D41C371C0DD679007BA254 /* ViewController.swift */ = {isa = PBXFileReference; lastKnownFileType = sourcecode.swift; path = ViewController.swift; sourceTree = "<group>"; };
		47D41C3A1C0DD679007BA254 /* Base */ = {isa = PBXFileReference; lastKnownFileType = file.storyboard; name = Base; path = Base.lproj/Main.storyboard; sourceTree = "<group>"; };
		47D41C3C1C0DD679007BA254 /* Assets.xcassets */ = {isa = PBXFileReference; lastKnownFileType = folder.assetcatalog; path = Assets.xcassets; sourceTree = "<group>"; };
		47D41C3F1C0DD679007BA254 /* Base */ = {isa = PBXFileReference; lastKnownFileType = file.storyboard; name = Base; path = Base.lproj/LaunchScreen.storyboard; sourceTree = "<group>"; };
		47D41C411C0DD679007BA254 /* Info.plist */ = {isa = PBXFileReference; lastKnownFileType = text.plist.xml; path = Info.plist; sourceTree = "<group>"; };
		47D41C461C0DD67A007BA254 /* HelloWorldTests.xctest */ = {isa = PBXFileReference; explicitFileType = wrapper.cfbundle; includeInIndex = 0; path = HelloWorldTests.xctest; sourceTree = BUILT_PRODUCTS_DIR; };
		47D41C4A1C0DD67A007BA254 /* HelloWorldTests.swift */ = {isa = PBXFileReference; lastKnownFileType = sourcecode.swift; path = HelloWorldTests.swift; sourceTree = "<group>"; };
		47D41C4C1C0DD67A007BA254 /* Info.plist */ = {isa = PBXFileReference; lastKnownFileType = text.plist.xml; path = Info.plist; sourceTree = "<group>"; };
		47D41C511C0DD67A007BA254 /* HelloWorldUITests.xctest */ = {isa = PBXFileReference; explicitFileType = wrapper.cfbundle; includeInIndex = 0; path = HelloWorldUITests.xctest; sourceTree = BUILT_PRODUCTS_DIR; };
		47D41C551C0DD67A007BA254 /* HelloWorldUITests.swift */ = {isa = PBXFileReference; lastKnownFileType = sourcecode.swift; path = HelloWorldUITests.swift; sourceTree = "<group>"; };
		47D41C571C0DD67A007BA254 /* Info.plist */ = {isa = PBXFileReference; lastKnownFileType = text.plist.xml; path = Info.plist; sourceTree = "<group>"; };
/* End PBXFileReference section */

/* Begin PBXFrameworksBuildPhase section */
		47D41C2F1C0DD679007BA254 /* Frameworks */ = {
			isa = PBXFrameworksBuildPhase;
			buildActionMask = 2147483647;
			files = (
			);
			runOnlyForDeploymentPostprocessing = 0;
		};
		47D41C431C0DD67A007BA254 /* Frameworks */ = {
			isa = PBXFrameworksBuildPhase;
			buildActionMask = 2147483647;
			files = (
			);
			runOnlyForDeploymentPostprocessing = 0;
		};
		47D41C4E1C0DD67A007BA254 /* Frameworks */ = {
			isa = PBXFrameworksBuildPhase;
			buildActionMask = 2147483647;
			files = (
			);
			runOnlyForDeploymentPostprocessing = 0;
		};
/* End PBXFrameworksBuildPhase section */

/* Begin PBXGroup section */
		47D41C291C0DD679007BA254 = {
			isa = PBXGroup;
			children = (
				47D41C341C0DD679007BA254 /* HelloWorld */,
				47D41C491C0DD67A007BA254 /* HelloWorldTests */,
				47D41C541C0DD67A007BA254 /* HelloWorldUITests */,
				47D41C331C0DD679007BA254 /* Products */,
			);
			sourceTree = "<group>";
		};
		47D41C331C0DD679007BA254 /* Products */ = {
			isa = PBXGroup;
			children = (
				47D41C321C0DD679007BA254 /* HelloWorld.app */,
				47D41C461C0DD67A007BA254 /* HelloWorldTests.xctest */,
				47D41C511C0DD67A007BA254 /* HelloWorldUITests.xctest */,
			);
			name = Products;
			sourceTree = "<group>";
		};
		47D41C341C0DD679007BA254 /* HelloWorld */ = {
			isa = PBXGroup;
			children = (
				47D41C351C0DD679007BA254 /* AppDelegate.swift */,
				47D41C371C0DD679007BA254 /* ViewController.swift */,
				47D41C391C0DD679007BA254 /* Main.storyboard */,
				47D41C3C1C0DD679007BA254 /* Assets.xcassets */,
				47D41C3E1C0DD679007BA254 /* LaunchScreen.storyboard */,
				47D41C411C0DD679007BA254 /* Info.plist */,
			);
			path = HelloWorld;
			sourceTree = "<group>";
		};
		47D41C491C0DD67A007BA254 /* HelloWorldTests */ = {
			isa = PBXGroup;
			children = (
				47D41C4A1C0DD67A007BA254 /* HelloWorldTests.swift */,
				47D41C4C1C0DD67A007BA254 /* Info.plist */,
			);
			path = HelloWorldTests;
			sourceTree = "<group>";
		};
		47D41C541C0DD67A007BA254 /* HelloWorldUITests */ = {
			isa = PBXGroup;
			children = (
				47D41C551C0DD67A007BA254 /* HelloWorldUITests.swift */,
				47D41C571C0DD67A007BA254 /* Info.plist */,
			);
			path = HelloWorldUITests;
			sourceTree = "<group>";
		};
/* End PBXGroup section */

/* Begin PBXNativeTarget section */
		47D41C311C0DD679007BA254 /* HelloWorld */ = {
			isa = PBXNativeTarget;
			buildConfigurationList = 47D41C5A1C0DD67A007BA254 /* Build configuration list for PBXNativeTarget "HelloWorld" */;
			buildPhases = (
				47D41C2E1C0DD679007BA254 /* Sources */,
				47D41C2F1C0DD679007BA254 /* Frameworks */,
				47D41C301C0DD679007BA254 /* Resources */,
			);
			buildRules = (
			);
			dependencies = (
			);
			name = HelloWorld;
			productName = HelloWorld;
			productReference = 47D41C321C0DD679007BA254 /* HelloWorld.app */;
			productType = "com.apple.product-type.application";
		};
		47D41C451C0DD67A007BA254 /* HelloWorldTests */ = {
			isa = PBXNativeTarget;
			buildConfigurationList = 47D41C5D1C0DD67A007BA254 /* Build configuration list for PBXNativeTarget "HelloWorldTests" */;
			buildPhases = (
				47D41C421C0DD67A007BA254 /* Sources */,
				47D41C431C0DD67A007BA254 /* Frameworks */,
				47D41C441C0DD67A007BA254 /* Resources */,
			);
			buildRules = (
			);
			dependencies = (
				47D41C481C0DD67A007BA254 /* PBXTargetDependency */,
			);
			name = HelloWorldTests;
			productName = HelloWorldTests;
			productReference = 47D41C461C0DD67A007BA254 /* HelloWorldTests.xctest */;
			productType = "com.apple.product-type.bundle.unit-test";
		};
		47D41C501C0DD67A007BA254 /* HelloWorldUITests */ = {
			isa = PBXNativeTarget;
			buildConfigurationList = 47D41C601C0DD67A007BA254 /* Build configuration list for PBXNativeTarget "HelloWorldUITests" */;
			buildPhases = (
				47D41C4D1C0DD67A007BA254 /* Sources */,
				47D41C4E1C0DD67A007BA254 /* Frameworks */,
				47D41C4F1C0DD67A007BA254 /* Resources */,
			);
			buildRules = (
			);
			dependencies = (
				47D41C531C0DD67A007BA254 /* PBXTargetDependency */,
			);
			name = HelloWorldUITests;
			productName = HelloWorldUITests;
			productReference = 47D41C511C0DD67A007BA254 /* HelloWorldUITests.xctest */;
			productType = "com.apple.product-type.bundle.ui-testing";
		};
/* End PBXNativeTarget section */

/* Begin PBXProject section */
		47D41C2A1C0DD679007BA254 /* Project object */ = {
			isa = PBXProject;
			attributes = {
				LastSwiftUpdateCheck = 0710;
				LastUpgradeCheck = 0710;
				ORGANIZATIONNAME = "shingo ogata";
				TargetAttributes = {
					47D41C311C0DD679007BA254 = {
						CreatedOnToolsVersion = 7.1;
					};
					47D41C451C0DD67A007BA254 = {
						CreatedOnToolsVersion = 7.1;
						TestTargetID = 47D41C311C0DD679007BA254;
					};
					47D41C501C0DD67A007BA254 = {
						CreatedOnToolsVersion = 7.1;
						TestTargetID = 47D41C311C0DD679007BA254;
					};
				};
			};
			buildConfigurationList = 47D41C2D1C0DD679007BA254 /* Build configuration list for PBXProject "HelloWorld" */;
			compatibilityVersion = "Xcode 3.2";
			developmentRegion = English;
			hasScannedForEncodings = 0;
			knownRegions = (
				en,
				Base,
			);
			mainGroup = 47D41C291C0DD679007BA254;
			productRefGroup = 47D41C331C0DD679007BA254 /* Products */;
			projectDirPath = "";
			projectRoot = "";
			targets = (
				47D41C311C0DD679007BA254 /* HelloWorld */,
				47D41C451C0DD67A007BA254 /* HelloWorldTests */,
				47D41C501C0DD67A007BA254 /* HelloWorldUITests */,
			);
		};
/* End PBXProject section */

/* Begin PBXResourcesBuildPhase section */
		47D41C301C0DD679007BA254 /* Resources */ = {
			isa = PBXResourcesBuildPhase;
			buildActionMask = 2147483647;
			files = (
				47D41C401C0DD679007BA254 /* LaunchScreen.storyboard in Resources */,
				47D41C3D1C0DD679007BA254 /* Assets.xcassets in Resources */,
				47D41C3B1C0DD679007BA254 /* Main.storyboard in Resources */,
			);
			runOnlyForDeploymentPostprocessing = 0;
		};
		47D41C441C0DD67A007BA254 /* Resources */ = {
			isa = PBXResourcesBuildPhase;
			buildActionMask = 2147483647;
			files = (
			);
			runOnlyForDeploymentPostprocessing = 0;
		};
		47D41C4F1C0DD67A007BA254 /* Resources */ = {
			isa = PBXResourcesBuildPhase;
			buildActionMask = 2147483647;
			files = (
			);
			runOnlyForDeploymentPostprocessing = 0;
		};
/* End PBXResourcesBuildPhase section */

/* Begin PBXSourcesBuildPhase section */
		47D41C2E1C0DD679007BA254 /* Sources */ = {
			isa = PBXSourcesBuildPhase;
			buildActionMask = 2147483647;
			files = (
				47D41C381C0DD679007BA254 /* ViewController.swift in Sources */,
				47D41C361C0DD679007BA254 /* AppDelegate.swift in Sources */,
			);
			runOnlyForDeploymentPostprocessing = 0;
		};
		47D41C421C0DD67A007BA254 /* Sources */ = {
			isa = PBXSourcesBuildPhase;
			buildActionMask = 2147483647;
			files = (
				47D41C4B1C0DD67A007BA254 /* HelloWorldTests.swift in Sources */,
			);
			runOnlyForDeploymentPostprocessing = 0;
		};
		47D41C4D1C0DD67A007BA254 /* Sources */ = {
			isa = PBXSourcesBuildPhase;
			buildActionMask = 2147483647;
			files = (
				47D41C561C0DD67A007BA254 /* HelloWorldUITests.swift in Sources */,
			);
			runOnlyForDeploymentPostprocessing = 0;
		};
/* End PBXSourcesBuildPhase section */

/* Begin PBXTargetDependency section */
		47D41C481C0DD67A007BA254 /* PBXTargetDependency */ = {
			isa = PBXTargetDependency;
			target = 47D41C311C0DD679007BA254 /* HelloWorld */;
			targetProxy = 47D41C471C0DD67A007BA254 /* PBXContainerItemProxy */;
		};
		47D41C531C0DD67A007BA254 /* PBXTargetDependency */ = {
			isa = PBXTargetDependency;
			target = 47D41C311C0DD679007BA254 /* HelloWorld */;
			targetProxy = 47D41C521C0DD67A007BA254 /* PBXContainerItemProxy */;
		};
/* End PBXTargetDependency section */

/* Begin PBXVariantGroup section */
		47D41C391C0DD679007BA254 /* Main.storyboard */ = {
			isa = PBXVariantGroup;
			children = (
				47D41C3A1C0DD679007BA254 /* Base */,
			);
			name = Main.storyboard;
			sourceTree = "<group>";
		};
		47D41C3E1C0DD679007BA254 /* LaunchScreen.storyboard */ = {
			isa = PBXVariantGroup;
			children = (
				47D41C3F1C0DD679007BA254 /* Base */,
			);
			name = LaunchScreen.storyboard;
			sourceTree = "<group>";
		};
/* End PBXVariantGroup section */

/* Begin XCBuildConfiguration section */
		47D41C581C0DD67A007BA254 /* Debug */ = {
			isa = XCBuildConfiguration;
			buildSettings = {
				ALWAYS_SEARCH_USER_PATHS = NO;
				CLANG_CXX_LANGUAGE_STANDARD = "gnu++0x";
				CLANG_CXX_LIBRARY = "libc++";
				CLANG_ENABLE_MODULES = YES;
				CLANG_ENABLE_OBJC_ARC = YES;
				CLANG_WARN_BOOL_CONVERSION = YES;
				CLANG_WARN_CONSTANT_CONVERSION = YES;
				CLANG_WARN_DIRECT_OBJC_ISA_USAGE = YES_ERROR;
				CLANG_WARN_EMPTY_BODY = YES;
				CLANG_WARN_ENUM_CONVERSION = YES;
				CLANG_WARN_INT_CONVERSION = YES;
				CLANG_WARN_OBJC_ROOT_CLASS = YES_ERROR;
				CLANG_WARN_UNREACHABLE_CODE = YES;
				CLANG_WARN__DUPLICATE_METHOD_MATCH = YES;
				"CODE_SIGN_IDENTITY[sdk=iphoneos*]" = "iPhone Developer";
				COPY_PHASE_STRIP = NO;
				DEBUG_INFORMATION_FORMAT = dwarf;
				ENABLE_STRICT_OBJC_MSGSEND = YES;
				ENABLE_TESTABILITY = YES;
				GCC_C_LANGUAGE_STANDARD = gnu99;
				GCC_DYNAMIC_NO_PIC = NO;
				GCC_NO_COMMON_BLOCKS = YES;
				GCC_OPTIMIZATION_LEVEL = 0;
				GCC_PREPROCESSOR_DEFINITIONS = (
					"DEBUG=1",
					"$(inherited)",
				);
				GCC_WARN_64_TO_32_BIT_CONVERSION = YES;
				GCC_WARN_ABOUT_RETURN_TYPE = YES_ERROR;
				GCC_WARN_UNDECLARED_SELECTOR = YES;
				GCC_WARN_UNINITIALIZED_AUTOS = YES_AGGRESSIVE;
				GCC_WARN_UNUSED_FUNCTION = YES;
				GCC_WARN_UNUSED_VARIABLE = YES;
				IPHONEOS_DEPLOYMENT_TARGET = 9.1;
				MTL_ENABLE_DEBUG_INFO = YES;
				ONLY_ACTIVE_ARCH = YES;
				SDKROOT = iphoneos;
				SWIFT_OPTIMIZATION_LEVEL = "-Onone";
				TARGETED_DEVICE_FAMILY = "1,2";
			};
			name = Debug;
		};
		47D41C591C0DD67A007BA254 /* Release */ = {
			isa = XCBuildConfiguration;
			buildSettings = {
				ALWAYS_SEARCH_USER_PATHS = NO;
				CLANG_CXX_LANGUAGE_STANDARD = "gnu++0x";
				CLANG_CXX_LIBRARY = "libc++";
				CLANG_ENABLE_MODULES = YES;
				CLANG_ENABLE_OBJC_ARC = YES;
				CLANG_WARN_BOOL_CONVERSION = YES;
				CLANG_WARN_CONSTANT_CONVERSION = YES;
				CLANG_WARN_DIRECT_OBJC_ISA_USAGE = YES_ERROR;
				CLANG_WARN_EMPTY_BODY = YES;
				CLANG_WARN_ENUM_CONVERSION = YES;
				CLANG_WARN_INT_CONVERSION = YES;
				CLANG_WARN_OBJC_ROOT_CLASS = YES_ERROR;
				CLANG_WARN_UNREACHABLE_CODE = YES;
				CLANG_WARN__DUPLICATE_METHOD_MATCH = YES;
				"CODE_SIGN_IDENTITY[sdk=iphoneos*]" = "iPhone Developer";
				COPY_PHASE_STRIP = NO;
				DEBUG_INFORMATION_FORMAT = "dwarf-with-dsym";
				ENABLE_NS_ASSERTIONS = NO;
				ENABLE_STRICT_OBJC_MSGSEND = YES;
				GCC_C_LANGUAGE_STANDARD = gnu99;
				GCC_NO_COMMON_BLOCKS = YES;
				GCC_WARN_64_TO_32_BIT_CONVERSION = YES;
				GCC_WARN_ABOUT_RETURN_TYPE = YES_ERROR;
				GCC_WARN_UNDECLARED_SELECTOR = YES;
				GCC_WARN_UNINITIALIZED_AUTOS = YES_AGGRESSIVE;
				GCC_WARN_UNUSED_FUNCTION = YES;
				GCC_WARN_UNUSED_VARIABLE = YES;
				IPHONEOS_DEPLOYMENT_TARGET = 9.1;
				MTL_ENABLE_DEBUG_INFO = NO;
				SDKROOT = iphoneos;
				TARGETED_DEVICE_FAMILY = "1,2";
				VALIDATE_PRODUCT = YES;
			};
			name = Release;
		};
		47D41C5B1C0DD67A007BA254 /* Debug */ = {
			isa = XCBuildConfiguration;
			buildSettings = {
				ASSETCATALOG_COMPILER_APPICON_NAME = AppIcon;
				INFOPLIST_FILE = HelloWorld/Info.plist;
				LD_RUNPATH_SEARCH_PATHS = "$(inherited) @executable_path/Frameworks";
				PRODUCT_BUNDLE_IDENTIFIER = com.ogata.HelloWorld;
				PRODUCT_NAME = "$(TARGET_NAME)";
			};
			name = Debug;
		};
		47D41C5C1C0DD67A007BA254 /* Release */ = {
			isa = XCBuildConfiguration;
			buildSettings = {
				ASSETCATALOG_COMPILER_APPICON_NAME = AppIcon;
				INFOPLIST_FILE = HelloWorld/Info.plist;
				LD_RUNPATH_SEARCH_PATHS = "$(inherited) @executable_path/Frameworks";
				PRODUCT_BUNDLE_IDENTIFIER = com.ogata.HelloWorld;
				PRODUCT_NAME = "$(TARGET_NAME)";
			};
			name = Release;
		};
		47D41C5E1C0DD67A007BA254 /* Debug */ = {
			isa = XCBuildConfiguration;
			buildSettings = {
				BUNDLE_LOADER = "$(TEST_HOST)";
				INFOPLIST_FILE = HelloWorldTests/Info.plist;
				LD_RUNPATH_SEARCH_PATHS = "$(inherited) @executable_path/Frameworks @loader_path/Frameworks";
				PRODUCT_BUNDLE_IDENTIFIER = com.ogata.HelloWorldTests;
				PRODUCT_NAME = "$(TARGET_NAME)";
				TEST_HOST = "$(BUILT_PRODUCTS_DIR)/HelloWorld.app/HelloWorld";
			};
			name = Debug;
		};
		47D41C5F1C0DD67A007BA254 /* Release */ = {
			isa = XCBuildConfiguration;
			buildSettings = {
				BUNDLE_LOADER = "$(TEST_HOST)";
				INFOPLIST_FILE = HelloWorldTests/Info.plist;
				LD_RUNPATH_SEARCH_PATHS = "$(inherited) @executable_path/Frameworks @loader_path/Frameworks";
				PRODUCT_BUNDLE_IDENTIFIER = com.ogata.HelloWorldTests;
				PRODUCT_NAME = "$(TARGET_NAME)";
				TEST_HOST = "$(BUILT_PRODUCTS_DIR)/HelloWorld.app/HelloWorld";
			};
			name = Release;
		};
		47D41C611C0DD67A007BA254 /* Debug */ = {
			isa = XCBuildConfiguration;
			buildSettings = {
				INFOPLIST_FILE = HelloWorldUITests/Info.plist;
				LD_RUNPATH_SEARCH_PATHS = "$(inherited) @executable_path/Frameworks @loader_path/Frameworks";
				PRODUCT_BUNDLE_IDENTIFIER = com.ogata.HelloWorldUITests;
				PRODUCT_NAME = "$(TARGET_NAME)";
				TEST_TARGET_NAME = HelloWorld;
				USES_XCTRUNNER = YES;
			};
			name = Debug;
		};
		47D41C621C0DD67A007BA254 /* Release */ = {
			isa = XCBuildConfiguration;
			buildSettings = {
				INFOPLIST_FILE = HelloWorldUITests/Info.plist;
				LD_RUNPATH_SEARCH_PATHS = "$(inherited) @executable_path/Frameworks @loader_path/Frameworks";
				PRODUCT_BUNDLE_IDENTIFIER = com.ogata.HelloWorldUITests;
				PRODUCT_NAME = "$(TARGET_NAME)";
				TEST_TARGET_NAME = HelloWorld;
				USES_XCTRUNNER = YES;
			};
			name = Release;
		};
/* End XCBuildConfiguration section */

/* Begin XCConfigurationList section */
		47D41C2D1C0DD679007BA254 /* Build configuration list for PBXProject "HelloWorld" */ = {
			isa = XCConfigurationList;
			buildConfigurations = (
				47D41C581C0DD67A007BA254 /* Debug */,
				47D41C591C0DD67A007BA254 /* Release */,
			);
			defaultConfigurationIsVisible = 0;
			defaultConfigurationName = Release;
		};
		47D41C5A1C0DD67A007BA254 /* Build configuration list for PBXNativeTarget "HelloWorld" */ = {
			isa = XCConfigurationList;
			buildConfigurations = (
				47D41C5B1C0DD67A007BA254 /* Debug */,
				47D41C5C1C0DD67A007BA254 /* Release */,
			);
			defaultConfigurationIsVisible = 0;
		};
		47D41C5D1C0DD67A007BA254 /* Build configuration list for PBXNativeTarget "HelloWorldTests" */ = {
			isa = XCConfigurationList;
			buildConfigurations = (
				47D41C5E1C0DD67A007BA254 /* Debug */,
				47D41C5F1C0DD67A007BA254 /* Release */,
			);
			defaultConfigurationIsVisible = 0;
		};
		47D41C601C0DD67A007BA254 /* Build configuration list for PBXNativeTarget "HelloWorldUITests" */ = {
			isa = XCConfigurationList;
			buildConfigurations = (
				47D41C611C0DD67A007BA254 /* Debug */,
				47D41C621C0DD67A007BA254 /* Release */,
			);
			defaultConfigurationIsVisible = 0;
		};
/* End XCConfigurationList section */
	};
	rootObject = 47D41C2A1C0DD679007BA254 /* Project object */;
}
