// !$*UTF8*$!
{
	archiveVersion = 1;
	classes = {
	};
	objectVersion = 46;
	objects = {

/* Begin PBXBuildFile section */
		4760D9431C3D5CAB00C098A8 /* AppDelegate.swift in Sources */ = {isa = PBXBuildFile; fileRef = 4760D9421C3D5CAB00C098A8 /* AppDelegate.swift */; };
		4760D9451C3D5CAB00C098A8 /* ViewController.swift in Sources */ = {isa = PBXBuildFile; fileRef = 4760D9441C3D5CAB00C098A8 /* ViewController.swift */; };
		4760D9481C3D5CAB00C098A8 /* Main.storyboard in Resources */ = {isa = PBXBuildFile; fileRef = 4760D9461C3D5CAB00C098A8 /* Main.storyboard */; };
		4760D94A1C3D5CAB00C098A8 /* Assets.xcassets in Resources */ = {isa = PBXBuildFile; fileRef = 4760D9491C3D5CAB00C098A8 /* Assets.xcassets */; };
		4760D94D1C3D5CAB00C098A8 /* LaunchScreen.storyboard in Resources */ = {isa = PBXBuildFile; fileRef = 4760D94B1C3D5CAB00C098A8 /* LaunchScreen.storyboard */; };
		4760D9551C3D5CE300C098A8 /* MyClass.swift in Sources */ = {isa = PBXBuildFile; fileRef = 4760D9541C3D5CE300C098A8 /* MyClass.swift */; };
/* End PBXBuildFile section */

/* Begin PBXFileReference section */
		4760D93F1C3D5CAB00C098A8 /* session8-1.app */ = {isa = PBXFileReference; explicitFileType = wrapper.application; includeInIndex = 0; path = "session8-1.app"; sourceTree = BUILT_PRODUCTS_DIR; };
		4760D9421C3D5CAB00C098A8 /* AppDelegate.swift */ = {isa = PBXFileReference; lastKnownFileType = sourcecode.swift; path = AppDelegate.swift; sourceTree = "<group>"; };
		4760D9441C3D5CAB00C098A8 /* ViewController.swift */ = {isa = PBXFileReference; lastKnownFileType = sourcecode.swift; path = ViewController.swift; sourceTree = "<group>"; };
		4760D9471C3D5CAB00C098A8 /* Base */ = {isa = PBXFileReference; lastKnownFileType = file.storyboard; name = Base; path = Base.lproj/Main.storyboard; sourceTree = "<group>"; };
		4760D9491C3D5CAB00C098A8 /* Assets.xcassets */ = {isa = PBXFileReference; lastKnownFileType = folder.assetcatalog; path = Assets.xcassets; sourceTree = "<group>"; };
		4760D94C1C3D5CAB00C098A8 /* Base */ = {isa = PBXFileReference; lastKnownFileType = file.storyboard; name = Base; path = Base.lproj/LaunchScreen.storyboard; sourceTree = "<group>"; };
		4760D94E1C3D5CAB00C098A8 /* Info.plist */ = {isa = PBXFileReference; lastKnownFileType = text.plist.xml; path = Info.plist; sourceTree = "<group>"; };
		4760D9541C3D5CE300C098A8 /* MyClass.swift */ = {isa = PBXFileReference; fileEncoding = 4; lastKnownFileType = sourcecode.swift; path = MyClass.swift; sourceTree = "<group>"; };
/* End PBXFileReference section */

/* Begin PBXFrameworksBuildPhase section */
		4760D93C1C3D5CAB00C098A8 /* Frameworks */ = {
			isa = PBXFrameworksBuildPhase;
			buildActionMask = 2147483647;
			files = (
			);
			runOnlyForDeploymentPostprocessing = 0;
		};
/* End PBXFrameworksBuildPhase section */

/* Begin PBXGroup section */
		4760D9361C3D5CAB00C098A8 = {
			isa = PBXGroup;
			children = (
				4760D9411C3D5CAB00C098A8 /* session8-1 */,
				4760D9401C3D5CAB00C098A8 /* Products */,
			);
			sourceTree = "<group>";
		};
		4760D9401C3D5CAB00C098A8 /* Products */ = {
			isa = PBXGroup;
			children = (
				4760D93F1C3D5CAB00C098A8 /* session8-1.app */,
			);
			name = Products;
			sourceTree = "<group>";
		};
		4760D9411C3D5CAB00C098A8 /* session8-1 */ = {
			isa = PBXGroup;
			children = (
				4760D9541C3D5CE300C098A8 /* MyClass.swift */,
				4760D9421C3D5CAB00C098A8 /* AppDelegate.swift */,
				4760D9441C3D5CAB00C098A8 /* ViewController.swift */,
				4760D9461C3D5CAB00C098A8 /* Main.storyboard */,
				4760D9491C3D5CAB00C098A8 /* Assets.xcassets */,
				4760D94B1C3D5CAB00C098A8 /* LaunchScreen.storyboard */,
				4760D94E1C3D5CAB00C098A8 /* Info.plist */,
			);
			path = "session8-1";
			sourceTree = "<group>";
		};
/* End PBXGroup section */

/* Begin PBXNativeTarget section */
		4760D93E1C3D5CAB00C098A8 /* session8-1 */ = {
			isa = PBXNativeTarget;
			buildConfigurationList = 4760D9511C3D5CAB00C098A8 /* Build configuration list for PBXNativeTarget "session8-1" */;
			buildPhases = (
				4760D93B1C3D5CAB00C098A8 /* Sources */,
				4760D93C1C3D5CAB00C098A8 /* Frameworks */,
				4760D93D1C3D5CAB00C098A8 /* Resources */,
			);
			buildRules = (
			);
			dependencies = (
			);
			name = "session8-1";
			productName = "session8-1";
			productReference = 4760D93F1C3D5CAB00C098A8 /* session8-1.app */;
			productType = "com.apple.product-type.application";
		};
/* End PBXNativeTarget section */

/* Begin PBXProject section */
		4760D9371C3D5CAB00C098A8 /* Project object */ = {
			isa = PBXProject;
			attributes = {
				LastSwiftUpdateCheck = 0720;
				LastUpgradeCheck = 0720;
				ORGANIZATIONNAME = "shingo ogata";
				TargetAttributes = {
					4760D93E1C3D5CAB00C098A8 = {
						CreatedOnToolsVersion = 7.2;
					};
				};
			};
			buildConfigurationList = 4760D93A1C3D5CAB00C098A8 /* Build configuration list for PBXProject "session8-1" */;
			compatibilityVersion = "Xcode 3.2";
			developmentRegion = English;
			hasScannedForEncodings = 0;
			knownRegions = (
				en,
				Base,
			);
			mainGroup = 4760D9361C3D5CAB00C098A8;
			productRefGroup = 4760D9401C3D5CAB00C098A8 /* Products */;
			projectDirPath = "";
			projectRoot = "";
			targets = (
				4760D93E1C3D5CAB00C098A8 /* session8-1 */,
			);
		};
/* End PBXProject section */

/* Begin PBXResourcesBuildPhase section */
		4760D93D1C3D5CAB00C098A8 /* Resources */ = {
			isa = PBXResourcesBuildPhase;
			buildActionMask = 2147483647;
			files = (
				4760D94D1C3D5CAB00C098A8 /* LaunchScreen.storyboard in Resources */,
				4760D94A1C3D5CAB00C098A8 /* Assets.xcassets in Resources */,
				4760D9481C3D5CAB00C098A8 /* Main.storyboard in Resources */,
			);
			runOnlyForDeploymentPostprocessing = 0;
		};
/* End PBXResourcesBuildPhase section */

/* Begin PBXSourcesBuildPhase section */
		4760D93B1C3D5CAB00C098A8 /* Sources */ = {
			isa = PBXSourcesBuildPhase;
			buildActionMask = 2147483647;
			files = (
				4760D9451C3D5CAB00C098A8 /* ViewController.swift in Sources */,
				4760D9431C3D5CAB00C098A8 /* AppDelegate.swift in Sources */,
				4760D9551C3D5CE300C098A8 /* MyClass.swift in Sources */,
			);
			runOnlyForDeploymentPostprocessing = 0;
		};
/* End PBXSourcesBuildPhase section */

/* Begin PBXVariantGroup section */
		4760D9461C3D5CAB00C098A8 /* Main.storyboard */ = {
			isa = PBXVariantGroup;
			children = (
				4760D9471C3D5CAB00C098A8 /* Base */,
			);
			name = Main.storyboard;
			sourceTree = "<group>";
		};
		4760D94B1C3D5CAB00C098A8 /* LaunchScreen.storyboard */ = {
			isa = PBXVariantGroup;
			children = (
				4760D94C1C3D5CAB00C098A8 /* Base */,
			);
			name = LaunchScreen.storyboard;
			sourceTree = "<group>";
		};
/* End PBXVariantGroup section */

/* Begin XCBuildConfiguration section */
		4760D94F1C3D5CAB00C098A8 /* Debug */ = {
			isa = XCBuildConfiguration;
			buildSettings = {
				ALWAYS_SEARCH_USER_PATHS = NO;
				CLANG_CXX_LANGUAGE_STANDARD = "gnu++0x";
				CLANG_CXX_LIBRARY = "libc++";
				CLANG_ENABLE_MODULES = YES;
				CLANG_ENABLE_OBJC_ARC = YES;
				CLANG_WARN_BOOL_CONVERSION = YES;
				CLANG_WARN_CONSTANT_CONVERSION = YES;
				CLANG_WARN_DIRECT_OBJC_ISA_USAGE = YES_ERROR;
				CLANG_WARN_EMPTY_BODY = YES;
				CLANG_WARN_ENUM_CONVERSION = YES;
				CLANG_WARN_INT_CONVERSION = YES;
				CLANG_WARN_OBJC_ROOT_CLASS = YES_ERROR;
				CLANG_WARN_UNREACHABLE_CODE = YES;
				CLANG_WARN__DUPLICATE_METHOD_MATCH = YES;
				"CODE_SIGN_IDENTITY[sdk=iphoneos*]" = "iPhone Developer";
				COPY_PHASE_STRIP = NO;
				DEBUG_INFORMATION_FORMAT = dwarf;
				ENABLE_STRICT_OBJC_MSGSEND = YES;
				ENABLE_TESTABILITY = YES;
				GCC_C_LANGUAGE_STANDARD = gnu99;
				GCC_DYNAMIC_NO_PIC = NO;
				GCC_NO_COMMON_BLOCKS = YES;
				GCC_OPTIMIZATION_LEVEL = 0;
				GCC_PREPROCESSOR_DEFINITIONS = (
					"DEBUG=1",
					"$(inherited)",
				);
				GCC_WARN_64_TO_32_BIT_CONVERSION = YES;
				GCC_WARN_ABOUT_RETURN_TYPE = YES_ERROR;
				GCC_WARN_UNDECLARED_SELECTOR = YES;
				GCC_WARN_UNINITIALIZED_AUTOS = YES_AGGRESSIVE;
				GCC_WARN_UNUSED_FUNCTION = YES;
				GCC_WARN_UNUSED_VARIABLE = YES;
				IPHONEOS_DEPLOYMENT_TARGET = 9.2;
				MTL_ENABLE_DEBUG_INFO = YES;
				ONLY_ACTIVE_ARCH = YES;
				SDKROOT = iphoneos;
				SWIFT_OPTIMIZATION_LEVEL = "-Onone";
				TARGETED_DEVICE_FAMILY = "1,2";
			};
			name = Debug;
		};
		4760D9501C3D5CAB00C098A8 /* Release */ = {
			isa = XCBuildConfiguration;
			buildSettings = {
				ALWAYS_SEARCH_USER_PATHS = NO;
				CLANG_CXX_LANGUAGE_STANDARD = "gnu++0x";
				CLANG_CXX_LIBRARY = "libc++";
				CLANG_ENABLE_MODULES = YES;
				CLANG_ENABLE_OBJC_ARC = YES;
				CLANG_WARN_BOOL_CONVERSION = YES;
				CLANG_WARN_CONSTANT_CONVERSION = YES;
				CLANG_WARN_DIRECT_OBJC_ISA_USAGE = YES_ERROR;
				CLANG_WARN_EMPTY_BODY = YES;
				CLANG_WARN_ENUM_CONVERSION = YES;
				CLANG_WARN_INT_CONVERSION = YES;
				CLANG_WARN_OBJC_ROOT_CLASS = YES_ERROR;
				CLANG_WARN_UNREACHABLE_CODE = YES;
				CLANG_WARN__DUPLICATE_METHOD_MATCH = YES;
				"CODE_SIGN_IDENTITY[sdk=iphoneos*]" = "iPhone Developer";
				COPY_PHASE_STRIP = NO;
				DEBUG_INFORMATION_FORMAT = "dwarf-with-dsym";
				ENABLE_NS_ASSERTIONS = NO;
				ENABLE_STRICT_OBJC_MSGSEND = YES;
				GCC_C_LANGUAGE_STANDARD = gnu99;
				GCC_NO_COMMON_BLOCKS = YES;
				GCC_WARN_64_TO_32_BIT_CONVERSION = YES;
				GCC_WARN_ABOUT_RETURN_TYPE = YES_ERROR;
				GCC_WARN_UNDECLARED_SELECTOR = YES;
				GCC_WARN_UNINITIALIZED_AUTOS = YES_AGGRESSIVE;
				GCC_WARN_UNUSED_FUNCTION = YES;
				GCC_WARN_UNUSED_VARIABLE = YES;
				IPHONEOS_DEPLOYMENT_TARGET = 9.2;
				MTL_ENABLE_DEBUG_INFO = NO;
				SDKROOT = iphoneos;
				TARGETED_DEVICE_FAMILY = "1,2";
				VALIDATE_PRODUCT = YES;
			};
			name = Release;
		};
		4760D9521C3D5CAB00C098A8 /* Debug */ = {
			isa = XCBuildConfiguration;
			buildSettings = {
				ASSETCATALOG_COMPILER_APPICON_NAME = AppIcon;
				INFOPLIST_FILE = "session8-1/Info.plist";
				LD_RUNPATH_SEARCH_PATHS = "$(inherited) @executable_path/Frameworks";
				PRODUCT_BUNDLE_IDENTIFIER = "com.ogata.session8-1";
				PRODUCT_NAME = "$(TARGET_NAME)";
			};
			name = Debug;
		};
		4760D9531C3D5CAB00C098A8 /* Release */ = {
			isa = XCBuildConfiguration;
			buildSettings = {
				ASSETCATALOG_COMPILER_APPICON_NAME = AppIcon;
				INFOPLIST_FILE = "session8-1/Info.plist";
				LD_RUNPATH_SEARCH_PATHS = "$(inherited) @executable_path/Frameworks";
				PRODUCT_BUNDLE_IDENTIFIER = "com.ogata.session8-1";
				PRODUCT_NAME = "$(TARGET_NAME)";
			};
			name = Release;
		};
/* End XCBuildConfiguration section */

/* Begin XCConfigurationList section */
		4760D93A1C3D5CAB00C098A8 /* Build configuration list for PBXProject "session8-1" */ = {
			isa = XCConfigurationList;
			buildConfigurations = (
				4760D94F1C3D5CAB00C098A8 /* Debug */,
				4760D9501C3D5CAB00C098A8 /* Release */,
			);
			defaultConfigurationIsVisible = 0;
			defaultConfigurationName = Release;
		};
		4760D9511C3D5CAB00C098A8 /* Build configuration list for PBXNativeTarget "session8-1" */ = {
			isa = XCConfigurationList;
			buildConfigurations = (
				4760D9521C3D5CAB00C098A8 /* Debug */,
				4760D9531C3D5CAB00C098A8 /* Release */,
			);
			defaultConfigurationIsVisible = 0;
		};
/* End XCConfigurationList section */
	};
	rootObject = 4760D9371C3D5CAB00C098A8 /* Project object */;
}
